
Microsoft Visual Studio Solution File, Format Version 12.00
# Visual Studio Version 16
VisualStudioVersion = 16.0.30011.22
MinimumVisualStudioVersion = 10.0.40219.1
Project("{FAE04EC0-301F-11D3-BF4B-00C04F79EFBC}") = "SimulatedOrderReceipt", "SimulatedOrderReceipt.csproj", "{180B6AB3-C05A-4AAE-A9EB-88989066596A}"
EndProject
Global
	GlobalSection(SolutionConfigurationPlatforms) = preSolution
		Debug|Any CPU = Debug|Any CPU
		Release|Any CPU = Release|Any CPU
	EndGlobalSection
	GlobalSection(ProjectConfigurationPlatforms) = postSolution
		{180B6AB3-C05A-4AAE-A9EB-88989066596A}.Debug|Any CPU.ActiveCfg = Debug|Any CPU
		{180B6AB3-C05A-4AAE-A9EB-88989066596A}.Debug|Any CPU.Build.0 = Debug|Any CPU
		{180B6AB3-C05A-4AAE-A9EB-88989066596A}.Release|Any CPU.ActiveCfg = Release|Any CPU
		{180B6AB3-C05A-4AAE-A9EB-88989066596A}.Release|Any CPU.Build.0 = Release|Any CPU
	EndGlobalSection
	GlobalSection(SolutionProperties) = preSolution
		HideSolutionNode = FALSE
	EndGlobalSection
	GlobalSection(ExtensibilityGlobals) = postSolution
		SolutionGuid = {7460200E-E7A6-457F-B2C6-E8BB6A86313E}
	EndGlobalSection
EndGlobal
